// !$*UTF8*$!
{
	archiveVersion = 1;
	classes = {
	};
	objectVersion = 50;
	objects = {

/* Begin PBXBuildFile section */
		F4F75ED522B7293100D27CF0 /* AppDelegate.swift in Sources */ = {isa = PBXBuildFile; fileRef = F4F75ED422B7293100D27CF0 /* AppDelegate.swift */; };
		F4F75ED722B7293100D27CF0 /* art.scnassets in Resources */ = {isa = PBXBuildFile; fileRef = F4F75ED622B7293100D27CF0 /* art.scnassets */; };
		F4F75ED922B7293100D27CF0 /* ViewController.swift in Sources */ = {isa = PBXBuildFile; fileRef = F4F75ED822B7293100D27CF0 /* ViewController.swift */; };
		F4F75EDC22B7293100D27CF0 /* Main.storyboard in Resources */ = {isa = PBXBuildFile; fileRef = F4F75EDA22B7293100D27CF0 /* Main.storyboard */; };
		F4F75EDE22B7293600D27CF0 /* Assets.xcassets in Resources */ = {isa = PBXBuildFile; fileRef = F4F75EDD22B7293600D27CF0 /* Assets.xcassets */; };
		F4F75EE122B7293600D27CF0 /* LaunchScreen.storyboard in Resources */ = {isa = PBXBuildFile; fileRef = F4F75EDF22B7293600D27CF0 /* LaunchScreen.storyboard */; };
		F4F75F0822B729AD00D27CF0 /* india.mp4 in Resources */ = {isa = PBXBuildFile; fileRef = F4F75F0422B729AD00D27CF0 /* india.mp4 */; };
		F4F75F0922B729AD00D27CF0 /* trump.mp4 in Resources */ = {isa = PBXBuildFile; fileRef = F4F75F0522B729AD00D27CF0 /* trump.mp4 */; };
		F4F75F0A22B729AD00D27CF0 /* toronto.mp4 in Resources */ = {isa = PBXBuildFile; fileRef = F4F75F0622B729AD00D27CF0 /* toronto.mp4 */; };
		F4F75F0B22B729AD00D27CF0 /* iran.mp4 in Resources */ = {isa = PBXBuildFile; fileRef = F4F75F0722B729AD00D27CF0 /* iran.mp4 */; };
/* End PBXBuildFile section */

/* Begin PBXContainerItemProxy section */
		F4F75EE822B7293600D27CF0 /* PBXContainerItemProxy */ = {
			isa = PBXContainerItemProxy;
			containerPortal = F4F75EC922B7293100D27CF0 /* Project object */;
			proxyType = 1;
			remoteGlobalIDString = F4F75ED022B7293100D27CF0;
			remoteInfo = InterativeNewspaper;
		};
		F4F75EF322B7293600D27CF0 /* PBXContainerItemProxy */ = {
			isa = PBXContainerItemProxy;
			containerPortal = F4F75EC922B7293100D27CF0 /* Project object */;
			proxyType = 1;
			remoteGlobalIDString = F4F75ED022B7293100D27CF0;
			remoteInfo = InterativeNewspaper;
		};
/* End PBXContainerItemProxy section */

/* Begin PBXFileReference section */
		F4F75ED122B7293100D27CF0 /* InterativeNewspaper.app */ = {isa = PBXFileReference; explicitFileType = wrapper.application; includeInIndex = 0; path = InterativeNewspaper.app; sourceTree = BUILT_PRODUCTS_DIR; };
		F4F75ED422B7293100D27CF0 /* AppDelegate.swift */ = {isa = PBXFileReference; lastKnownFileType = sourcecode.swift; path = AppDelegate.swift; sourceTree = "<group>"; };
		F4F75ED622B7293100D27CF0 /* art.scnassets */ = {isa = PBXFileReference; lastKnownFileType = wrapper.scnassets; path = art.scnassets; sourceTree = "<group>"; };
		F4F75ED822B7293100D27CF0 /* ViewController.swift */ = {isa = PBXFileReference; lastKnownFileType = sourcecode.swift; path = ViewController.swift; sourceTree = "<group>"; };
		F4F75EDB22B7293100D27CF0 /* Base */ = {isa = PBXFileReference; lastKnownFileType = file.storyboard; name = Base; path = Base.lproj/Main.storyboard; sourceTree = "<group>"; };
		F4F75EDD22B7293600D27CF0 /* Assets.xcassets */ = {isa = PBXFileReference; lastKnownFileType = folder.assetcatalog; path = Assets.xcassets; sourceTree = "<group>"; };
		F4F75EE022B7293600D27CF0 /* Base */ = {isa = PBXFileReference; lastKnownFileType = file.storyboard; name = Base; path = Base.lproj/LaunchScreen.storyboard; sourceTree = "<group>"; };
		F4F75EE222B7293600D27CF0 /* Info.plist */ = {isa = PBXFileReference; lastKnownFileType = text.plist.xml; path = Info.plist; sourceTree = "<group>"; };
		F4F75EE722B7293600D27CF0 /* InterativeNewspaperTests.xctest */ = {isa = PBXFileReference; explicitFileType = wrapper.cfbundle; includeInIndex = 0; path = InterativeNewspaperTests.xctest; sourceTree = BUILT_PRODUCTS_DIR; };
		F4F75EF222B7293600D27CF0 /* InterativeNewspaperUITests.xctest */ = {isa = PBXFileReference; explicitFileType = wrapper.cfbundle; includeInIndex = 0; path = InterativeNewspaperUITests.xctest; sourceTree = BUILT_PRODUCTS_DIR; };
		F4F75F0422B729AD00D27CF0 /* india.mp4 */ = {isa = PBXFileReference; lastKnownFileType = file; path = india.mp4; sourceTree = "<group>"; };
		F4F75F0522B729AD00D27CF0 /* trump.mp4 */ = {isa = PBXFileReference; lastKnownFileType = file; path = trump.mp4; sourceTree = "<group>"; };
		F4F75F0622B729AD00D27CF0 /* toronto.mp4 */ = {isa = PBXFileReference; lastKnownFileType = file; path = toronto.mp4; sourceTree = "<group>"; };
		F4F75F0722B729AD00D27CF0 /* iran.mp4 */ = {isa = PBXFileReference; lastKnownFileType = file; path = iran.mp4; sourceTree = "<group>"; };
/* End PBXFileReference section */

/* Begin PBXFrameworksBuildPhase section */
		F4F75ECE22B7293100D27CF0 /* Frameworks */ = {
			isa = PBXFrameworksBuildPhase;
			buildActionMask = 2147483647;
			files = (
			);
			runOnlyForDeploymentPostprocessing = 0;
		};
		F4F75EE422B7293600D27CF0 /* Frameworks */ = {
			isa = PBXFrameworksBuildPhase;
			buildActionMask = 2147483647;
			files = (
			);
			runOnlyForDeploymentPostprocessing = 0;
		};
		F4F75EEF22B7293600D27CF0 /* Frameworks */ = {
			isa = PBXFrameworksBuildPhase;
			buildActionMask = 2147483647;
			files = (
			);
			runOnlyForDeploymentPostprocessing = 0;
		};
/* End PBXFrameworksBuildPhase section */

/* Begin PBXGroup section */
		F4F75EC822B7293100D27CF0 = {
			isa = PBXGroup;
			children = (
				F4F75ED322B7293100D27CF0 /* InterativeNewspaper */,
				F4F75ED222B7293100D27CF0 /* Products */,
			);
			sourceTree = "<group>";
		};
		F4F75ED222B7293100D27CF0 /* Products */ = {
			isa = PBXGroup;
			children = (
				F4F75ED122B7293100D27CF0 /* InterativeNewspaper.app */,
				F4F75EE722B7293600D27CF0 /* InterativeNewspaperTests.xctest */,
				F4F75EF222B7293600D27CF0 /* InterativeNewspaperUITests.xctest */,
			);
			name = Products;
			sourceTree = "<group>";
		};
		F4F75ED322B7293100D27CF0 /* InterativeNewspaper */ = {
			isa = PBXGroup;
			children = (
				F4F75F0422B729AD00D27CF0 /* india.mp4 */,
				F4F75F0722B729AD00D27CF0 /* iran.mp4 */,
				F4F75F0622B729AD00D27CF0 /* toronto.mp4 */,
				F4F75F0522B729AD00D27CF0 /* trump.mp4 */,
				F4F75ED422B7293100D27CF0 /* AppDelegate.swift */,
				F4F75ED622B7293100D27CF0 /* art.scnassets */,
				F4F75ED822B7293100D27CF0 /* ViewController.swift */,
				F4F75EDA22B7293100D27CF0 /* Main.storyboard */,
				F4F75EDD22B7293600D27CF0 /* Assets.xcassets */,
				F4F75EDF22B7293600D27CF0 /* LaunchScreen.storyboard */,
				F4F75EE222B7293600D27CF0 /* Info.plist */,
			);
			path = InterativeNewspaper;
			sourceTree = "<group>";
		};
/* End PBXGroup section */

/* Begin PBXNativeTarget section */
		F4F75ED022B7293100D27CF0 /* InterativeNewspaper */ = {
			isa = PBXNativeTarget;
			buildConfigurationList = F4F75EFB22B7293600D27CF0 /* Build configuration list for PBXNativeTarget "InterativeNewspaper" */;
			buildPhases = (
				F4F75ECD22B7293100D27CF0 /* Sources */,
				F4F75ECE22B7293100D27CF0 /* Frameworks */,
				F4F75ECF22B7293100D27CF0 /* Resources */,
			);
			buildRules = (
			);
			dependencies = (
			);
			name = InterativeNewspaper;
			productName = InterativeNewspaper;
			productReference = F4F75ED122B7293100D27CF0 /* InterativeNewspaper.app */;
			productType = "com.apple.product-type.application";
		};
		F4F75EE622B7293600D27CF0 /* InterativeNewspaperTests */ = {
			isa = PBXNativeTarget;
			buildConfigurationList = F4F75EFE22B7293600D27CF0 /* Build configuration list for PBXNativeTarget "InterativeNewspaperTests" */;
			buildPhases = (
				F4F75EE322B7293600D27CF0 /* Sources */,
				F4F75EE422B7293600D27CF0 /* Frameworks */,
				F4F75EE522B7293600D27CF0 /* Resources */,
			);
			buildRules = (
			);
			dependencies = (
				F4F75EE922B7293600D27CF0 /* PBXTargetDependency */,
			);
			name = InterativeNewspaperTests;
			productName = InterativeNewspaperTests;
			productReference = F4F75EE722B7293600D27CF0 /* InterativeNewspaperTests.xctest */;
			productType = "com.apple.product-type.bundle.unit-test";
		};
		F4F75EF122B7293600D27CF0 /* InterativeNewspaperUITests */ = {
			isa = PBXNativeTarget;
			buildConfigurationList = F4F75F0122B7293600D27CF0 /* Build configuration list for PBXNativeTarget "InterativeNewspaperUITests" */;
			buildPhases = (
				F4F75EEE22B7293600D27CF0 /* Sources */,
				F4F75EEF22B7293600D27CF0 /* Frameworks */,
				F4F75EF022B7293600D27CF0 /* Resources */,
			);
			buildRules = (
			);
			dependencies = (
				F4F75EF422B7293600D27CF0 /* PBXTargetDependency */,
			);
			name = InterativeNewspaperUITests;
			productName = InterativeNewspaperUITests;
			productReference = F4F75EF222B7293600D27CF0 /* InterativeNewspaperUITests.xctest */;
			productType = "com.apple.product-type.bundle.ui-testing";
		};
/* End PBXNativeTarget section */

/* Begin PBXProject section */
		F4F75EC922B7293100D27CF0 /* Project object */ = {
			isa = PBXProject;
			attributes = {
				LastSwiftUpdateCheck = 1020;
				LastUpgradeCheck = 1020;
				ORGANIZATIONNAME = "Makan fofana";
				TargetAttributes = {
					F4F75ED022B7293100D27CF0 = {
						CreatedOnToolsVersion = 10.2.1;
					};
					F4F75EE622B7293600D27CF0 = {
						CreatedOnToolsVersion = 10.2.1;
						TestTargetID = F4F75ED022B7293100D27CF0;
					};
					F4F75EF122B7293600D27CF0 = {
						CreatedOnToolsVersion = 10.2.1;
						TestTargetID = F4F75ED022B7293100D27CF0;
					};
				};
			};
			buildConfigurationList = F4F75ECC22B7293100D27CF0 /* Build configuration list for PBXProject "InterativeNewspaper" */;
			compatibilityVersion = "Xcode 9.3";
			developmentRegion = en;
			hasScannedForEncodings = 0;
			knownRegions = (
				en,
				Base,
			);
			mainGroup = F4F75EC822B7293100D27CF0;
			productRefGroup = F4F75ED222B7293100D27CF0 /* Products */;
			projectDirPath = "";
			projectRoot = "";
			targets = (
				F4F75ED022B7293100D27CF0 /* InterativeNewspaper */,
				F4F75EE622B7293600D27CF0 /* InterativeNewspaperTests */,
				F4F75EF122B7293600D27CF0 /* InterativeNewspaperUITests */,
			);
		};
/* End PBXProject section */

/* Begin PBXResourcesBuildPhase section */
		F4F75ECF22B7293100D27CF0 /* Resources */ = {
			isa = PBXResourcesBuildPhase;
			buildActionMask = 2147483647;
			files = (
				F4F75F0A22B729AD00D27CF0 /* toronto.mp4 in Resources */,
				F4F75F0B22B729AD00D27CF0 /* iran.mp4 in Resources */,
				F4F75F0822B729AD00D27CF0 /* india.mp4 in Resources */,
				F4F75ED722B7293100D27CF0 /* art.scnassets in Resources */,
				F4F75F0922B729AD00D27CF0 /* trump.mp4 in Resources */,
				F4F75EE122B7293600D27CF0 /* LaunchScreen.storyboard in Resources */,
				F4F75EDE22B7293600D27CF0 /* Assets.xcassets in Resources */,
				F4F75EDC22B7293100D27CF0 /* Main.storyboard in Resources */,
			);
			runOnlyForDeploymentPostprocessing = 0;
		};
		F4F75EE522B7293600D27CF0 /* Resources */ = {
			isa = PBXResourcesBuildPhase;
			buildActionMask = 2147483647;
			files = (
			);
			runOnlyForDeploymentPostprocessing = 0;
		};
		F4F75EF022B7293600D27CF0 /* Resources */ = {
			isa = PBXResourcesBuildPhase;
			buildActionMask = 2147483647;
			files = (
			);
			runOnlyForDeploymentPostprocessing = 0;
		};
/* End PBXResourcesBuildPhase section */

/* Begin PBXSourcesBuildPhase section */
		F4F75ECD22B7293100D27CF0 /* Sources */ = {
			isa = PBXSourcesBuildPhase;
			buildActionMask = 2147483647;
			files = (
				F4F75ED922B7293100D27CF0 /* ViewController.swift in Sources */,
				F4F75ED522B7293100D27CF0 /* AppDelegate.swift in Sources */,
			);
			runOnlyForDeploymentPostprocessing = 0;
		};
		F4F75EE322B7293600D27CF0 /* Sources */ = {
			isa = PBXSourcesBuildPhase;
			buildActionMask = 2147483647;
			files = (
			);
			runOnlyForDeploymentPostprocessing = 0;
		};
		F4F75EEE22B7293600D27CF0 /* Sources */ = {
			isa = PBXSourcesBuildPhase;
			buildActionMask = 2147483647;
			files = (
			);
			runOnlyForDeploymentPostprocessing = 0;
		};
/* End PBXSourcesBuildPhase section */

/* Begin PBXTargetDependency section */
		F4F75EE922B7293600D27CF0 /* PBXTargetDependency */ = {
			isa = PBXTargetDependency;
			target = F4F75ED022B7293100D27CF0 /* InterativeNewspaper */;
			targetProxy = F4F75EE822B7293600D27CF0 /* PBXContainerItemProxy */;
		};
		F4F75EF422B7293600D27CF0 /* PBXTargetDependency */ = {
			isa = PBXTargetDependency;
			target = F4F75ED022B7293100D27CF0 /* InterativeNewspaper */;
			targetProxy = F4F75EF322B7293600D27CF0 /* PBXContainerItemProxy */;
		};
/* End PBXTargetDependency section */

/* Begin PBXVariantGroup section */
		F4F75EDA22B7293100D27CF0 /* Main.storyboard */ = {
			isa = PBXVariantGroup;
			children = (
				F4F75EDB22B7293100D27CF0 /* Base */,
			);
			name = Main.storyboard;
			sourceTree = "<group>";
		};
		F4F75EDF22B7293600D27CF0 /* LaunchScreen.storyboard */ = {
			isa = PBXVariantGroup;
			children = (
				F4F75EE022B7293600D27CF0 /* Base */,
			);
			name = LaunchScreen.storyboard;
			sourceTree = "<group>";
		};
/* End PBXVariantGroup section */

/* Begin XCBuildConfiguration section */
		F4F75EF922B7293600D27CF0 /* Debug */ = {
			isa = XCBuildConfiguration;
			buildSettings = {
				ALWAYS_SEARCH_USER_PATHS = NO;
				CLANG_ANALYZER_NONNULL = YES;
				CLANG_ANALYZER_NUMBER_OBJECT_CONVERSION = YES_AGGRESSIVE;
				CLANG_CXX_LANGUAGE_STANDARD = "gnu++14";
				CLANG_CXX_LIBRARY = "libc++";
				CLANG_ENABLE_MODULES = YES;
				CLANG_ENABLE_OBJC_ARC = YES;
				CLANG_ENABLE_OBJC_WEAK = YES;
				CLANG_WARN_BLOCK_CAPTURE_AUTORELEASING = YES;
				CLANG_WARN_BOOL_CONVERSION = YES;
				CLANG_WARN_COMMA = YES;
				CLANG_WARN_CONSTANT_CONVERSION = YES;
				CLANG_WARN_DEPRECATED_OBJC_IMPLEMENTATIONS = YES;
				CLANG_WARN_DIRECT_OBJC_ISA_USAGE = YES_ERROR;
				CLANG_WARN_DOCUMENTATION_COMMENTS = YES;
				CLANG_WARN_EMPTY_BODY = YES;
				CLANG_WARN_ENUM_CONVERSION = YES;
				CLANG_WARN_INFINITE_RECURSION = YES;
				CLANG_WARN_INT_CONVERSION = YES;
				CLANG_WARN_NON_LITERAL_NULL_CONVERSION = YES;
				CLANG_WARN_OBJC_IMPLICIT_RETAIN_SELF = YES;
				CLANG_WARN_OBJC_LITERAL_CONVERSION = YES;
				CLANG_WARN_OBJC_ROOT_CLASS = YES_ERROR;
				CLANG_WARN_RANGE_LOOP_ANALYSIS = YES;
				CLANG_WARN_STRICT_PROTOTYPES = YES;
				CLANG_WARN_SUSPICIOUS_MOVE = YES;
				CLANG_WARN_UNGUARDED_AVAILABILITY = YES_AGGRESSIVE;
				CLANG_WARN_UNREACHABLE_CODE = YES;
				CLANG_WARN__DUPLICATE_METHOD_MATCH = YES;
				CODE_SIGN_IDENTITY = "iPhone Developer";
				COPY_PHASE_STRIP = NO;
				DEBUG_INFORMATION_FORMAT = dwarf;
				ENABLE_STRICT_OBJC_MSGSEND = YES;
				ENABLE_TESTABILITY = YES;
				GCC_C_LANGUAGE_STANDARD = gnu11;
				GCC_DYNAMIC_NO_PIC = NO;
				GCC_NO_COMMON_BLOCKS = YES;
				GCC_OPTIMIZATION_LEVEL = 0;
				GCC_PREPROCESSOR_DEFINITIONS = (
					"DEBUG=1",
					"$(inherited)",
				);
				GCC_WARN_64_TO_32_BIT_CONVERSION = YES;
				GCC_WARN_ABOUT_RETURN_TYPE = YES_ERROR;
				GCC_WARN_UNDECLARED_SELECTOR = YES;
				GCC_WARN_UNINITIALIZED_AUTOS = YES_AGGRESSIVE;
				GCC_WARN_UNUSED_FUNCTION = YES;
				GCC_WARN_UNUSED_VARIABLE = YES;
				IPHONEOS_DEPLOYMENT_TARGET = 12.2;
				MTL_ENABLE_DEBUG_INFO = INCLUDE_SOURCE;
				MTL_FAST_MATH = YES;
				ONLY_ACTIVE_ARCH = YES;
				SDKROOT = iphoneos;
				SWIFT_ACTIVE_COMPILATION_CONDITIONS = DEBUG;
				SWIFT_OPTIMIZATION_LEVEL = "-Onone";
			};
			name = Debug;
		};
		F4F75EFA22B7293600D27CF0 /* Release */ = {
			isa = XCBuildConfiguration;
			buildSettings = {
				ALWAYS_SEARCH_USER_PATHS = NO;
				CLANG_ANALYZER_NONNULL = YES;
				CLANG_ANALYZER_NUMBER_OBJECT_CONVERSION = YES_AGGRESSIVE;
				CLANG_CXX_LANGUAGE_STANDARD = "gnu++14";
				CLANG_CXX_LIBRARY = "libc++";
				CLANG_ENABLE_MODULES = YES;
				CLANG_ENABLE_OBJC_ARC = YES;
				CLANG_ENABLE_OBJC_WEAK = YES;
				CLANG_WARN_BLOCK_CAPTURE_AUTORELEASING = YES;
				CLANG_WARN_BOOL_CONVERSION = YES;
				CLANG_WARN_COMMA = YES;
				CLANG_WARN_CONSTANT_CONVERSION = YES;
				CLANG_WARN_DEPRECATED_OBJC_IMPLEMENTATIONS = YES;
				CLANG_WARN_DIRECT_OBJC_ISA_USAGE = YES_ERROR;
				CLANG_WARN_DOCUMENTATION_COMMENTS = YES;
				CLANG_WARN_EMPTY_BODY = YES;
				CLANG_WARN_ENUM_CONVERSION = YES;
				CLANG_WARN_INFINITE_RECURSION = YES;
				CLANG_WARN_INT_CONVERSION = YES;
				CLANG_WARN_NON_LITERAL_NULL_CONVERSION = YES;
				CLANG_WARN_OBJC_IMPLICIT_RETAIN_SELF = YES;
				CLANG_WARN_OBJC_LITERAL_CONVERSION = YES;
				CLANG_WARN_OBJC_ROOT_CLASS = YES_ERROR;
				CLANG_WARN_RANGE_LOOP_ANALYSIS = YES;
				CLANG_WARN_STRICT_PROTOTYPES = YES;
				CLANG_WARN_SUSPICIOUS_MOVE = YES;
				CLANG_WARN_UNGUARDED_AVAILABILITY = YES_AGGRESSIVE;
				CLANG_WARN_UNREACHABLE_CODE = YES;
				CLANG_WARN__DUPLICATE_METHOD_MATCH = YES;
				CODE_SIGN_IDENTITY = "iPhone Developer";
				COPY_PHASE_STRIP = NO;
				DEBUG_INFORMATION_FORMAT = "dwarf-with-dsym";
				ENABLE_NS_ASSERTIONS = NO;
				ENABLE_STRICT_OBJC_MSGSEND = YES;
				GCC_C_LANGUAGE_STANDARD = gnu11;
				GCC_NO_COMMON_BLOCKS = YES;
				GCC_WARN_64_TO_32_BIT_CONVERSION = YES;
				GCC_WARN_ABOUT_RETURN_TYPE = YES_ERROR;
				GCC_WARN_UNDECLARED_SELECTOR = YES;
				GCC_WARN_UNINITIALIZED_AUTOS = YES_AGGRESSIVE;
				GCC_WARN_UNUSED_FUNCTION = YES;
				GCC_WARN_UNUSED_VARIABLE = YES;
				IPHONEOS_DEPLOYMENT_TARGET = 12.2;
				MTL_ENABLE_DEBUG_INFO = NO;
				MTL_FAST_MATH = YES;
				SDKROOT = iphoneos;
				SWIFT_COMPILATION_MODE = wholemodule;
				SWIFT_OPTIMIZATION_LEVEL = "-O";
				VALIDATE_PRODUCT = YES;
			};
			name = Release;
		};
		F4F75EFC22B7293600D27CF0 /* Debug */ = {
			isa = XCBuildConfiguration;
			buildSettings = {
				ASSETCATALOG_COMPILER_APPICON_NAME = AppIcon;
				CODE_SIGN_STYLE = Automatic;
				DEVELOPMENT_TEAM = UYFAF8339W;
				INFOPLIST_FILE = InterativeNewspaper/Info.plist;
				IPHONEOS_DEPLOYMENT_TARGET = 12.2;
				LD_RUNPATH_SEARCH_PATHS = (
					"$(inherited)",
					"@executable_path/Frameworks",
				);
				PRODUCT_BUNDLE_IDENTIFIER = MakanFofana.InterativeNewspaper;
				PRODUCT_NAME = "$(TARGET_NAME)";
				SWIFT_VERSION = 5.0;
				TARGETED_DEVICE_FAMILY = "1,2";
			};
			name = Debug;
		};
		F4F75EFD22B7293600D27CF0 /* Release */ = {
			isa = XCBuildConfiguration;
			buildSettings = {
				ASSETCATALOG_COMPILER_APPICON_NAME = AppIcon;
				CODE_SIGN_STYLE = Automatic;
				DEVELOPMENT_TEAM = UYFAF8339W;
				INFOPLIST_FILE = InterativeNewspaper/Info.plist;
				IPHONEOS_DEPLOYMENT_TARGET = 12.2;
				LD_RUNPATH_SEARCH_PATHS = (
					"$(inherited)",
					"@executable_path/Frameworks",
				);
				PRODUCT_BUNDLE_IDENTIFIER = MakanFofana.InterativeNewspaper;
				PRODUCT_NAME = "$(TARGET_NAME)";
				SWIFT_VERSION = 5.0;
				TARGETED_DEVICE_FAMILY = "1,2";
			};
			name = Release;
		};
		F4F75EFF22B7293600D27CF0 /* Debug */ = {
			isa = XCBuildConfiguration;
			buildSettings = {
				ALWAYS_EMBED_SWIFT_STANDARD_LIBRARIES = YES;
				BUNDLE_LOADER = "$(TEST_HOST)";
				CODE_SIGN_STYLE = Automatic;
				DEVELOPMENT_TEAM = UYFAF8339W;
				INFOPLIST_FILE = InterativeNewspaperTests/Info.plist;
				LD_RUNPATH_SEARCH_PATHS = (
					"$(inherited)",
					"@executable_path/Frameworks",
					"@loader_path/Frameworks",
				);
				PRODUCT_BUNDLE_IDENTIFIER = MakanFofana.InterativeNewspaperTests;
				PRODUCT_NAME = "$(TARGET_NAME)";
				SWIFT_VERSION = 5.0;
				TARGETED_DEVICE_FAMILY = "1,2";
				TEST_HOST = "$(BUILT_PRODUCTS_DIR)/InterativeNewspaper.app/InterativeNewspaper";
			};
			name = Debug;
		};
		F4F75F0022B7293600D27CF0 /* Release */ = {
			isa = XCBuildConfiguration;
			buildSettings = {
				ALWAYS_EMBED_SWIFT_STANDARD_LIBRARIES = YES;
				BUNDLE_LOADER = "$(TEST_HOST)";
				CODE_SIGN_STYLE = Automatic;
				DEVELOPMENT_TEAM = UYFAF8339W;
				INFOPLIST_FILE = InterativeNewspaperTests/Info.plist;
				LD_RUNPATH_SEARCH_PATHS = (
					"$(inherited)",
					"@executable_path/Frameworks",
					"@loader_path/Frameworks",
				);
				PRODUCT_BUNDLE_IDENTIFIER = MakanFofana.InterativeNewspaperTests;
				PRODUCT_NAME = "$(TARGET_NAME)";
				SWIFT_VERSION = 5.0;
				TARGETED_DEVICE_FAMILY = "1,2";
				TEST_HOST = "$(BUILT_PRODUCTS_DIR)/InterativeNewspaper.app/InterativeNewspaper";
			};
			name = Release;
		};
		F4F75F0222B7293600D27CF0 /* Debug */ = {
			isa = XCBuildConfiguration;
			buildSettings = {
				ALWAYS_EMBED_SWIFT_STANDARD_LIBRARIES = YES;
				CODE_SIGN_STYLE = Automatic;
				DEVELOPMENT_TEAM = UYFAF8339W;
				INFOPLIST_FILE = InterativeNewspaperUITests/Info.plist;
				LD_RUNPATH_SEARCH_PATHS = (
					"$(inherited)",
					"@executable_path/Frameworks",
					"@loader_path/Frameworks",
				);
				PRODUCT_BUNDLE_IDENTIFIER = MakanFofana.InterativeNewspaperUITests;
				PRODUCT_NAME = "$(TARGET_NAME)";
				SWIFT_VERSION = 5.0;
				TARGETED_DEVICE_FAMILY = "1,2";
				TEST_TARGET_NAME = InterativeNewspaper;
			};
			name = Debug;
		};
		F4F75F0322B7293600D27CF0 /* Release */ = {
			isa = XCBuildConfiguration;
			buildSettings = {
				ALWAYS_EMBED_SWIFT_STANDARD_LIBRARIES = YES;
				CODE_SIGN_STYLE = Automatic;
				DEVELOPMENT_TEAM = UYFAF8339W;
				INFOPLIST_FILE = InterativeNewspaperUITests/Info.plist;
				LD_RUNPATH_SEARCH_PATHS = (
					"$(inherited)",
					"@executable_path/Frameworks",
					"@loader_path/Frameworks",
				);
				PRODUCT_BUNDLE_IDENTIFIER = MakanFofana.InterativeNewspaperUITests;
				PRODUCT_NAME = "$(TARGET_NAME)";
				SWIFT_VERSION = 5.0;
				TARGETED_DEVICE_FAMILY = "1,2";
				TEST_TARGET_NAME = InterativeNewspaper;
			};
			name = Release;
		};
/* End XCBuildConfiguration section */

/* Begin XCConfigurationList section */
		F4F75ECC22B7293100D27CF0 /* Build configuration list for PBXProject "InterativeNewspaper" */ = {
			isa = XCConfigurationList;
			buildConfigurations = (
				F4F75EF922B7293600D27CF0 /* Debug */,
				F4F75EFA22B7293600D27CF0 /* Release */,
			);
			defaultConfigurationIsVisible = 0;
			defaultConfigurationName = Release;
		};
		F4F75EFB22B7293600D27CF0 /* Build configuration list for PBXNativeTarget "InterativeNewspaper" */ = {
			isa = XCConfigurationList;
			buildConfigurations = (
				F4F75EFC22B7293600D27CF0 /* Debug */,
				F4F75EFD22B7293600D27CF0 /* Release */,
			);
			defaultConfigurationIsVisible = 0;
			defaultConfigurationName = Release;
		};
		F4F75EFE22B7293600D27CF0 /* Build configuration list for PBXNativeTarget "InterativeNewspaperTests" */ = {
			isa = XCConfigurationList;
			buildConfigurations = (
				F4F75EFF22B7293600D27CF0 /* Debug */,
				F4F75F0022B7293600D27CF0 /* Release */,
			);
			defaultConfigurationIsVisible = 0;
			defaultConfigurationName = Release;
		};
		F4F75F0122B7293600D27CF0 /* Build configuration list for PBXNativeTarget "InterativeNewspaperUITests" */ = {
			isa = XCConfigurationList;
			buildConfigurations = (
				F4F75F0222B7293600D27CF0 /* Debug */,
				F4F75F0322B7293600D27CF0 /* Release */,
			);
			defaultConfigurationIsVisible = 0;
			defaultConfigurationName = Release;
		};
/* End XCConfigurationList section */
	};
	rootObject = F4F75EC922B7293100D27CF0 /* Project object */;
}
